// !$*UTF8*$!
{
	archiveVersion = 1;
	classes = {
	};
	objectVersion = 56;
	objects = {

/* Begin PBXBuildFile section */
		B91B92F12B8CE8A50033C148 /* AppDelegate.swift in Sources */ = {isa = PBXBuildFile; fileRef = B91B92F02B8CE8A50033C148 /* AppDelegate.swift */; };
		B91B92F32B8CE8A50033C148 /* SceneDelegate.swift in Sources */ = {isa = PBXBuildFile; fileRef = B91B92F22B8CE8A50033C148 /* SceneDelegate.swift */; };
		B91B92FA2B8CE8AF0033C148 /* Assets.xcassets in Resources */ = {isa = PBXBuildFile; fileRef = B91B92F92B8CE8AF0033C148 /* Assets.xcassets */; };
		B91B92FD2B8CE8AF0033C148 /* LaunchScreen.storyboard in Resources */ = {isa = PBXBuildFile; fileRef = B91B92FB2B8CE8AF0033C148 /* LaunchScreen.storyboard */; };
		B9BD2CE12B9311D5002958D3 /* EssentialFeed.framework in Frameworks */ = {isa = PBXBuildFile; fileRef = B9BD2CDF2B9311D5002958D3 /* EssentialFeed.framework */; };
		B9BD2CE22B9311D5002958D3 /* EssentialFeed.framework in Embed Frameworks */ = {isa = PBXBuildFile; fileRef = B9BD2CDF2B9311D5002958D3 /* EssentialFeed.framework */; settings = {ATTRIBUTES = (CodeSignOnCopy, RemoveHeadersOnCopy, ); }; };
		B9BD2CE32B9311D5002958D3 /* EssentialFeediOS.framework in Frameworks */ = {isa = PBXBuildFile; fileRef = B9BD2CE02B9311D5002958D3 /* EssentialFeediOS.framework */; };
		B9BD2CE42B9311D5002958D3 /* EssentialFeediOS.framework in Embed Frameworks */ = {isa = PBXBuildFile; fileRef = B9BD2CE02B9311D5002958D3 /* EssentialFeediOS.framework */; settings = {ATTRIBUTES = (CodeSignOnCopy, RemoveHeadersOnCopy, ); }; };
		B9BD2CE72B931297002958D3 /* SceneDelegateTests.swift in Sources */ = {isa = PBXBuildFile; fileRef = B9BD2CE62B931297002958D3 /* SceneDelegateTests.swift */; };
		B9BD2CE92B93135B002958D3 /* FeedUIComposer.swift in Sources */ = {isa = PBXBuildFile; fileRef = B9BD2CE82B93135B002958D3 /* FeedUIComposer.swift */; };
		B9BD2CEB2B93138B002958D3 /* CombineHelpers.swift in Sources */ = {isa = PBXBuildFile; fileRef = B9BD2CEA2B93138B002958D3 /* CombineHelpers.swift */; };
		B9BD2CED2B9313C9002958D3 /* LoadResourcePresentationAdapter.swift in Sources */ = {isa = PBXBuildFile; fileRef = B9BD2CEC2B9313C9002958D3 /* LoadResourcePresentationAdapter.swift */; };
		B9BD2CEF2B931400002958D3 /* FeedViewAdapter.swift in Sources */ = {isa = PBXBuildFile; fileRef = B9BD2CEE2B931400002958D3 /* FeedViewAdapter.swift */; };
		B9BD2CF12B931428002958D3 /* WeakRefVirtualProxy.swift in Sources */ = {isa = PBXBuildFile; fileRef = B9BD2CF02B931428002958D3 /* WeakRefVirtualProxy.swift */; };
		B9BD2CF32B9314F5002958D3 /* CommentsUIComposer.swift in Sources */ = {isa = PBXBuildFile; fileRef = B9BD2CF22B9314F5002958D3 /* CommentsUIComposer.swift */; };
		B9BD2CF92B931A86002958D3 /* FeedAcceptanceTests.swift in Sources */ = {isa = PBXBuildFile; fileRef = B9BD2CF82B931A86002958D3 /* FeedAcceptanceTests.swift */; };
		B9BD2CFC2B931ADD002958D3 /* HTTPClientStub.swift in Sources */ = {isa = PBXBuildFile; fileRef = B9BD2CFB2B931ADD002958D3 /* HTTPClientStub.swift */; };
		B9BD2CFE2B931AFC002958D3 /* InMemoryFeedStore.swift in Sources */ = {isa = PBXBuildFile; fileRef = B9BD2CFD2B931AFC002958D3 /* InMemoryFeedStore.swift */; };
		B9BD2D002B931B3A002958D3 /* ListViewController+TestHelpers.swift in Sources */ = {isa = PBXBuildFile; fileRef = B9BD2CFF2B931B3A002958D3 /* ListViewController+TestHelpers.swift */; };
		B9BD2D022B931BE8002958D3 /* UIRefreshControl+TestHelpers.swift in Sources */ = {isa = PBXBuildFile; fileRef = B9BD2D012B931BE8002958D3 /* UIRefreshControl+TestHelpers.swift */; };
		B9BD2D042B931C2B002958D3 /* UIImage+TestHelpers.swift in Sources */ = {isa = PBXBuildFile; fileRef = B9BD2D032B931C2B002958D3 /* UIImage+TestHelpers.swift */; };
		B9BD2D062B931C48002958D3 /* UIButton+TestHelpers.swift in Sources */ = {isa = PBXBuildFile; fileRef = B9BD2D052B931C48002958D3 /* UIButton+TestHelpers.swift */; };
		B9BD2D082B931C63002958D3 /* UIControl+TestHelpers.swift in Sources */ = {isa = PBXBuildFile; fileRef = B9BD2D072B931C63002958D3 /* UIControl+TestHelpers.swift */; };
		B9BD2D0A2B931C7E002958D3 /* UIView+TestHelpers.swift in Sources */ = {isa = PBXBuildFile; fileRef = B9BD2D092B931C7E002958D3 /* UIView+TestHelpers.swift */; };
		B9BD2D0C2B931CA0002958D3 /* FeedImageCell+TestHelpers.swift in Sources */ = {isa = PBXBuildFile; fileRef = B9BD2D0B2B931CA0002958D3 /* FeedImageCell+TestHelpers.swift */; };
		B9BD2D0E2B931CBD002958D3 /* FeedUIIntegrationTests+LoaderSpy.swift in Sources */ = {isa = PBXBuildFile; fileRef = B9BD2D0D2B931CBD002958D3 /* FeedUIIntegrationTests+LoaderSpy.swift */; };
		B9BD2D102B931CE6002958D3 /* FeedUIIntegrationTests+Assertions.swift in Sources */ = {isa = PBXBuildFile; fileRef = B9BD2D0F2B931CE6002958D3 /* FeedUIIntegrationTests+Assertions.swift */; };
		B9BD2D122B931D0A002958D3 /* XCTestCase+MemoryLeakTracking.swift in Sources */ = {isa = PBXBuildFile; fileRef = B9BD2D112B931D0A002958D3 /* XCTestCase+MemoryLeakTracking.swift */; };
		B9BD2D142B931D50002958D3 /* SharedTestHelpers.swift in Sources */ = {isa = PBXBuildFile; fileRef = B9BD2D132B931D50002958D3 /* SharedTestHelpers.swift */; };
		B9BD2D162B931DC3002958D3 /* FeedUIIntegrationTests.swift in Sources */ = {isa = PBXBuildFile; fileRef = B9BD2D152B931DC3002958D3 /* FeedUIIntegrationTests.swift */; };
		B9BD2D182B931F2C002958D3 /* ImageCommentsUIIntegrationTests.swift in Sources */ = {isa = PBXBuildFile; fileRef = B9BD2D172B931F2C002958D3 /* ImageCommentsUIIntegrationTests.swift */; };
/* End PBXBuildFile section */

/* Begin PBXContainerItemProxy section */
		B91B93042B8CE8B00033C148 /* PBXContainerItemProxy */ = {
			isa = PBXContainerItemProxy;
			containerPortal = B91B92E52B8CE8A50033C148 /* Project object */;
			proxyType = 1;
			remoteGlobalIDString = B91B92EC2B8CE8A50033C148;
			remoteInfo = EssentialApp;
		};
/* End PBXContainerItemProxy section */

/* Begin PBXCopyFilesBuildPhase section */
		B9BD2CE52B9311D5002958D3 /* Embed Frameworks */ = {
			isa = PBXCopyFilesBuildPhase;
			buildActionMask = 2147483647;
			dstPath = "";
			dstSubfolderSpec = 10;
			files = (
				B9BD2CE22B9311D5002958D3 /* EssentialFeed.framework in Embed Frameworks */,
				B9BD2CE42B9311D5002958D3 /* EssentialFeediOS.framework in Embed Frameworks */,
			);
			name = "Embed Frameworks";
			runOnlyForDeploymentPostprocessing = 0;
		};
/* End PBXCopyFilesBuildPhase section */

/* Begin PBXFileReference section */
		B91B92ED2B8CE8A50033C148 /* EssentialApp.app */ = {isa = PBXFileReference; explicitFileType = wrapper.application; includeInIndex = 0; path = EssentialApp.app; sourceTree = BUILT_PRODUCTS_DIR; };
		B91B92F02B8CE8A50033C148 /* AppDelegate.swift */ = {isa = PBXFileReference; lastKnownFileType = sourcecode.swift; path = AppDelegate.swift; sourceTree = "<group>"; };
		B91B92F22B8CE8A50033C148 /* SceneDelegate.swift */ = {isa = PBXFileReference; lastKnownFileType = sourcecode.swift; path = SceneDelegate.swift; sourceTree = "<group>"; };
		B91B92F92B8CE8AF0033C148 /* Assets.xcassets */ = {isa = PBXFileReference; lastKnownFileType = folder.assetcatalog; path = Assets.xcassets; sourceTree = "<group>"; };
		B91B92FC2B8CE8AF0033C148 /* Base */ = {isa = PBXFileReference; lastKnownFileType = file.storyboard; name = Base; path = Base.lproj/LaunchScreen.storyboard; sourceTree = "<group>"; };
		B91B92FE2B8CE8AF0033C148 /* Info.plist */ = {isa = PBXFileReference; lastKnownFileType = text.plist.xml; path = Info.plist; sourceTree = "<group>"; };
		B91B93032B8CE8B00033C148 /* EssentialAppTests.xctest */ = {isa = PBXFileReference; explicitFileType = wrapper.cfbundle; includeInIndex = 0; path = EssentialAppTests.xctest; sourceTree = BUILT_PRODUCTS_DIR; };
		B9BD2CDF2B9311D5002958D3 /* EssentialFeed.framework */ = {isa = PBXFileReference; explicitFileType = wrapper.framework; path = EssentialFeed.framework; sourceTree = BUILT_PRODUCTS_DIR; };
		B9BD2CE02B9311D5002958D3 /* EssentialFeediOS.framework */ = {isa = PBXFileReference; explicitFileType = wrapper.framework; path = EssentialFeediOS.framework; sourceTree = BUILT_PRODUCTS_DIR; };
		B9BD2CE62B931297002958D3 /* SceneDelegateTests.swift */ = {isa = PBXFileReference; lastKnownFileType = sourcecode.swift; path = SceneDelegateTests.swift; sourceTree = "<group>"; };
		B9BD2CE82B93135B002958D3 /* FeedUIComposer.swift */ = {isa = PBXFileReference; lastKnownFileType = sourcecode.swift; path = FeedUIComposer.swift; sourceTree = "<group>"; };
		B9BD2CEA2B93138B002958D3 /* CombineHelpers.swift */ = {isa = PBXFileReference; lastKnownFileType = sourcecode.swift; path = CombineHelpers.swift; sourceTree = "<group>"; };
		B9BD2CEC2B9313C9002958D3 /* LoadResourcePresentationAdapter.swift */ = {isa = PBXFileReference; lastKnownFileType = sourcecode.swift; path = LoadResourcePresentationAdapter.swift; sourceTree = "<group>"; };
		B9BD2CEE2B931400002958D3 /* FeedViewAdapter.swift */ = {isa = PBXFileReference; lastKnownFileType = sourcecode.swift; path = FeedViewAdapter.swift; sourceTree = "<group>"; };
		B9BD2CF02B931428002958D3 /* WeakRefVirtualProxy.swift */ = {isa = PBXFileReference; lastKnownFileType = sourcecode.swift; path = WeakRefVirtualProxy.swift; sourceTree = "<group>"; };
		B9BD2CF22B9314F5002958D3 /* CommentsUIComposer.swift */ = {isa = PBXFileReference; lastKnownFileType = sourcecode.swift; path = CommentsUIComposer.swift; sourceTree = "<group>"; };
		B9BD2CF52B9318E8002958D3 /* en */ = {isa = PBXFileReference; lastKnownFileType = text.plist.strings; name = en; path = en.lproj/LaunchScreen.strings; sourceTree = "<group>"; };
		B9BD2CF62B93193E002958D3 /* el */ = {isa = PBXFileReference; lastKnownFileType = text.plist.strings; name = el; path = el.lproj/LaunchScreen.strings; sourceTree = "<group>"; };
		B9BD2CF72B93195C002958D3 /* pt-BR */ = {isa = PBXFileReference; lastKnownFileType = text.plist.strings; name = "pt-BR"; path = "pt-BR.lproj/LaunchScreen.strings"; sourceTree = "<group>"; };
		B9BD2CF82B931A86002958D3 /* FeedAcceptanceTests.swift */ = {isa = PBXFileReference; lastKnownFileType = sourcecode.swift; path = FeedAcceptanceTests.swift; sourceTree = "<group>"; };
		B9BD2CFB2B931ADD002958D3 /* HTTPClientStub.swift */ = {isa = PBXFileReference; lastKnownFileType = sourcecode.swift; path = HTTPClientStub.swift; sourceTree = "<group>"; };
		B9BD2CFD2B931AFC002958D3 /* InMemoryFeedStore.swift */ = {isa = PBXFileReference; lastKnownFileType = sourcecode.swift; path = InMemoryFeedStore.swift; sourceTree = "<group>"; };
		B9BD2CFF2B931B3A002958D3 /* ListViewController+TestHelpers.swift */ = {isa = PBXFileReference; lastKnownFileType = sourcecode.swift; path = "ListViewController+TestHelpers.swift"; sourceTree = "<group>"; };
		B9BD2D012B931BE8002958D3 /* UIRefreshControl+TestHelpers.swift */ = {isa = PBXFileReference; lastKnownFileType = sourcecode.swift; path = "UIRefreshControl+TestHelpers.swift"; sourceTree = "<group>"; };
		B9BD2D032B931C2B002958D3 /* UIImage+TestHelpers.swift */ = {isa = PBXFileReference; lastKnownFileType = sourcecode.swift; path = "UIImage+TestHelpers.swift"; sourceTree = "<group>"; };
		B9BD2D052B931C48002958D3 /* UIButton+TestHelpers.swift */ = {isa = PBXFileReference; lastKnownFileType = sourcecode.swift; path = "UIButton+TestHelpers.swift"; sourceTree = "<group>"; };
		B9BD2D072B931C63002958D3 /* UIControl+TestHelpers.swift */ = {isa = PBXFileReference; lastKnownFileType = sourcecode.swift; path = "UIControl+TestHelpers.swift"; sourceTree = "<group>"; };
		B9BD2D092B931C7E002958D3 /* UIView+TestHelpers.swift */ = {isa = PBXFileReference; lastKnownFileType = sourcecode.swift; path = "UIView+TestHelpers.swift"; sourceTree = "<group>"; };
		B9BD2D0B2B931CA0002958D3 /* FeedImageCell+TestHelpers.swift */ = {isa = PBXFileReference; lastKnownFileType = sourcecode.swift; path = "FeedImageCell+TestHelpers.swift"; sourceTree = "<group>"; };
		B9BD2D0D2B931CBD002958D3 /* FeedUIIntegrationTests+LoaderSpy.swift */ = {isa = PBXFileReference; lastKnownFileType = sourcecode.swift; path = "FeedUIIntegrationTests+LoaderSpy.swift"; sourceTree = "<group>"; };
		B9BD2D0F2B931CE6002958D3 /* FeedUIIntegrationTests+Assertions.swift */ = {isa = PBXFileReference; lastKnownFileType = sourcecode.swift; path = "FeedUIIntegrationTests+Assertions.swift"; sourceTree = "<group>"; };
		B9BD2D112B931D0A002958D3 /* XCTestCase+MemoryLeakTracking.swift */ = {isa = PBXFileReference; lastKnownFileType = sourcecode.swift; path = "XCTestCase+MemoryLeakTracking.swift"; sourceTree = "<group>"; };
		B9BD2D132B931D50002958D3 /* SharedTestHelpers.swift */ = {isa = PBXFileReference; lastKnownFileType = sourcecode.swift; name = SharedTestHelpers.swift; path = ../../../../../../../../../../Applications/SharedTestHelpers.swift; sourceTree = "<group>"; };
		B9BD2D152B931DC3002958D3 /* FeedUIIntegrationTests.swift */ = {isa = PBXFileReference; lastKnownFileType = sourcecode.swift; path = FeedUIIntegrationTests.swift; sourceTree = "<group>"; };
		B9BD2D172B931F2C002958D3 /* ImageCommentsUIIntegrationTests.swift */ = {isa = PBXFileReference; lastKnownFileType = sourcecode.swift; path = ImageCommentsUIIntegrationTests.swift; sourceTree = "<group>"; };
/* End PBXFileReference section */

/* Begin PBXFrameworksBuildPhase section */
		B91B92EA2B8CE8A50033C148 /* Frameworks */ = {
			isa = PBXFrameworksBuildPhase;
			buildActionMask = 2147483647;
			files = (
				B9BD2CE12B9311D5002958D3 /* EssentialFeed.framework in Frameworks */,
				B9BD2CE32B9311D5002958D3 /* EssentialFeediOS.framework in Frameworks */,
			);
			runOnlyForDeploymentPostprocessing = 0;
		};
		B91B93002B8CE8B00033C148 /* Frameworks */ = {
			isa = PBXFrameworksBuildPhase;
			buildActionMask = 2147483647;
			files = (
			);
			runOnlyForDeploymentPostprocessing = 0;
		};
/* End PBXFrameworksBuildPhase section */

/* Begin PBXGroup section */
		B91B92E42B8CE8A50033C148 = {
			isa = PBXGroup;
			children = (
				B91B92EF2B8CE8A50033C148 /* EssentialApp */,
				B91B93062B8CE8B00033C148 /* EssentialAppTests */,
				B91B92EE2B8CE8A50033C148 /* Products */,
				B9BD2CDE2B9311D4002958D3 /* Frameworks */,
			);
			sourceTree = "<group>";
		};
		B91B92EE2B8CE8A50033C148 /* Products */ = {
			isa = PBXGroup;
			children = (
				B91B92ED2B8CE8A50033C148 /* EssentialApp.app */,
				B91B93032B8CE8B00033C148 /* EssentialAppTests.xctest */,
			);
			name = Products;
			sourceTree = "<group>";
		};
		B91B92EF2B8CE8A50033C148 /* EssentialApp */ = {
			isa = PBXGroup;
			children = (
				B91B92F02B8CE8A50033C148 /* AppDelegate.swift */,
				B91B92F22B8CE8A50033C148 /* SceneDelegate.swift */,
				B9BD2CE82B93135B002958D3 /* FeedUIComposer.swift */,
				B9BD2CF22B9314F5002958D3 /* CommentsUIComposer.swift */,
				B9BD2CEC2B9313C9002958D3 /* LoadResourcePresentationAdapter.swift */,
				B9BD2CF02B931428002958D3 /* WeakRefVirtualProxy.swift */,
				B9BD2CEE2B931400002958D3 /* FeedViewAdapter.swift */,
				B9BD2CEA2B93138B002958D3 /* CombineHelpers.swift */,
				B91B92F92B8CE8AF0033C148 /* Assets.xcassets */,
				B91B92FB2B8CE8AF0033C148 /* LaunchScreen.storyboard */,
				B91B92FE2B8CE8AF0033C148 /* Info.plist */,
			);
			path = EssentialApp;
			sourceTree = "<group>";
		};
		B91B93062B8CE8B00033C148 /* EssentialAppTests */ = {
			isa = PBXGroup;
			children = (
				B9BD2CFA2B931AC8002958D3 /* Helpers */,
				B9BD2CE62B931297002958D3 /* SceneDelegateTests.swift */,
				B9BD2CF82B931A86002958D3 /* FeedAcceptanceTests.swift */,
				B9BD2D152B931DC3002958D3 /* FeedUIIntegrationTests.swift */,
				B9BD2D172B931F2C002958D3 /* ImageCommentsUIIntegrationTests.swift */,
			);
			path = EssentialAppTests;
			sourceTree = "<group>";
		};
		B9BD2CDE2B9311D4002958D3 /* Frameworks */ = {
			isa = PBXGroup;
			children = (
				B9BD2CDF2B9311D5002958D3 /* EssentialFeed.framework */,
				B9BD2CE02B9311D5002958D3 /* EssentialFeediOS.framework */,
			);
			name = Frameworks;
			sourceTree = "<group>";
		};
		B9BD2CFA2B931AC8002958D3 /* Helpers */ = {
			isa = PBXGroup;
			children = (
				B9BD2D012B931BE8002958D3 /* UIRefreshControl+TestHelpers.swift */,
				B9BD2CFB2B931ADD002958D3 /* HTTPClientStub.swift */,
				B9BD2CFD2B931AFC002958D3 /* InMemoryFeedStore.swift */,
				B9BD2CFF2B931B3A002958D3 /* ListViewController+TestHelpers.swift */,
				B9BD2D032B931C2B002958D3 /* UIImage+TestHelpers.swift */,
				B9BD2D052B931C48002958D3 /* UIButton+TestHelpers.swift */,
				B9BD2D072B931C63002958D3 /* UIControl+TestHelpers.swift */,
				B9BD2D092B931C7E002958D3 /* UIView+TestHelpers.swift */,
				B9BD2D0B2B931CA0002958D3 /* FeedImageCell+TestHelpers.swift */,
				B9BD2D0D2B931CBD002958D3 /* FeedUIIntegrationTests+LoaderSpy.swift */,
				B9BD2D0F2B931CE6002958D3 /* FeedUIIntegrationTests+Assertions.swift */,
				B9BD2D112B931D0A002958D3 /* XCTestCase+MemoryLeakTracking.swift */,
				B9BD2D132B931D50002958D3 /* SharedTestHelpers.swift */,
			);
			path = Helpers;
			sourceTree = "<group>";
		};
/* End PBXGroup section */

/* Begin PBXNativeTarget section */
		B91B92EC2B8CE8A50033C148 /* EssentialApp */ = {
			isa = PBXNativeTarget;
			buildConfigurationList = B91B93172B8CE8B00033C148 /* Build configuration list for PBXNativeTarget "EssentialApp" */;
			buildPhases = (
				B91B92E92B8CE8A50033C148 /* Sources */,
				B91B92EA2B8CE8A50033C148 /* Frameworks */,
				B91B92EB2B8CE8A50033C148 /* Resources */,
				B9BD2CE52B9311D5002958D3 /* Embed Frameworks */,
			);
			buildRules = (
			);
			dependencies = (
			);
			name = EssentialApp;
			productName = EssentialApp;
			productReference = B91B92ED2B8CE8A50033C148 /* EssentialApp.app */;
			productType = "com.apple.product-type.application";
		};
		B91B93022B8CE8B00033C148 /* EssentialAppTests */ = {
			isa = PBXNativeTarget;
			buildConfigurationList = B91B931A2B8CE8B00033C148 /* Build configuration list for PBXNativeTarget "EssentialAppTests" */;
			buildPhases = (
				B91B92FF2B8CE8B00033C148 /* Sources */,
				B91B93002B8CE8B00033C148 /* Frameworks */,
				B91B93012B8CE8B00033C148 /* Resources */,
			);
			buildRules = (
			);
			dependencies = (
				B91B93052B8CE8B00033C148 /* PBXTargetDependency */,
			);
			name = EssentialAppTests;
			productName = EssentialAppTests;
			productReference = B91B93032B8CE8B00033C148 /* EssentialAppTests.xctest */;
			productType = "com.apple.product-type.bundle.unit-test";
		};
/* End PBXNativeTarget section */

/* Begin PBXProject section */
		B91B92E52B8CE8A50033C148 /* Project object */ = {
			isa = PBXProject;
			attributes = {
				BuildIndependentTargetsInParallel = 1;
				LastSwiftUpdateCheck = 1420;
				LastUpgradeCheck = 1420;
				TargetAttributes = {
					B91B92EC2B8CE8A50033C148 = {
						CreatedOnToolsVersion = 14.2;
					};
					B91B93022B8CE8B00033C148 = {
						CreatedOnToolsVersion = 14.2;
						TestTargetID = B91B92EC2B8CE8A50033C148;
					};
				};
			};
			buildConfigurationList = B91B92E82B8CE8A50033C148 /* Build configuration list for PBXProject "EssentialApp" */;
			compatibilityVersion = "Xcode 14.0";
			developmentRegion = en;
			hasScannedForEncodings = 0;
			knownRegions = (
				en,
				Base,
				el,
				"pt-BR",
			);
			mainGroup = B91B92E42B8CE8A50033C148;
			productRefGroup = B91B92EE2B8CE8A50033C148 /* Products */;
			projectDirPath = "";
			projectRoot = "";
			targets = (
				B91B92EC2B8CE8A50033C148 /* EssentialApp */,
				B91B93022B8CE8B00033C148 /* EssentialAppTests */,
			);
		};
/* End PBXProject section */

/* Begin PBXResourcesBuildPhase section */
		B91B92EB2B8CE8A50033C148 /* Resources */ = {
			isa = PBXResourcesBuildPhase;
			buildActionMask = 2147483647;
			files = (
				B91B92FD2B8CE8AF0033C148 /* LaunchScreen.storyboard in Resources */,
				B91B92FA2B8CE8AF0033C148 /* Assets.xcassets in Resources */,
			);
			runOnlyForDeploymentPostprocessing = 0;
		};
		B91B93012B8CE8B00033C148 /* Resources */ = {
			isa = PBXResourcesBuildPhase;
			buildActionMask = 2147483647;
			files = (
			);
			runOnlyForDeploymentPostprocessing = 0;
		};
/* End PBXResourcesBuildPhase section */

/* Begin PBXSourcesBuildPhase section */
		B91B92E92B8CE8A50033C148 /* Sources */ = {
			isa = PBXSourcesBuildPhase;
			buildActionMask = 2147483647;
			files = (
				B9BD2CEF2B931400002958D3 /* FeedViewAdapter.swift in Sources */,
				B9BD2CF12B931428002958D3 /* WeakRefVirtualProxy.swift in Sources */,
				B9BD2CE92B93135B002958D3 /* FeedUIComposer.swift in Sources */,
				B9BD2CF32B9314F5002958D3 /* CommentsUIComposer.swift in Sources */,
				B91B92F12B8CE8A50033C148 /* AppDelegate.swift in Sources */,
				B9BD2CEB2B93138B002958D3 /* CombineHelpers.swift in Sources */,
				B91B92F32B8CE8A50033C148 /* SceneDelegate.swift in Sources */,
				B9BD2CED2B9313C9002958D3 /* LoadResourcePresentationAdapter.swift in Sources */,
			);
			runOnlyForDeploymentPostprocessing = 0;
		};
		B91B92FF2B8CE8B00033C148 /* Sources */ = {
			isa = PBXSourcesBuildPhase;
			buildActionMask = 2147483647;
			files = (
				B9BD2D162B931DC3002958D3 /* FeedUIIntegrationTests.swift in Sources */,
				B9BD2D0E2B931CBD002958D3 /* FeedUIIntegrationTests+LoaderSpy.swift in Sources */,
				B9BD2D082B931C63002958D3 /* UIControl+TestHelpers.swift in Sources */,
				B9BD2D142B931D50002958D3 /* SharedTestHelpers.swift in Sources */,
				B9BD2CFC2B931ADD002958D3 /* HTTPClientStub.swift in Sources */,
				B9BD2D122B931D0A002958D3 /* XCTestCase+MemoryLeakTracking.swift in Sources */,
				B9BD2D022B931BE8002958D3 /* UIRefreshControl+TestHelpers.swift in Sources */,
				B9BD2D002B931B3A002958D3 /* ListViewController+TestHelpers.swift in Sources */,
				B9BD2D042B931C2B002958D3 /* UIImage+TestHelpers.swift in Sources */,
				B9BD2D102B931CE6002958D3 /* FeedUIIntegrationTests+Assertions.swift in Sources */,
				B9BD2CF92B931A86002958D3 /* FeedAcceptanceTests.swift in Sources */,
				B9BD2D182B931F2C002958D3 /* ImageCommentsUIIntegrationTests.swift in Sources */,
				B9BD2D062B931C48002958D3 /* UIButton+TestHelpers.swift in Sources */,
				B9BD2CE72B931297002958D3 /* SceneDelegateTests.swift in Sources */,
				B9BD2D0A2B931C7E002958D3 /* UIView+TestHelpers.swift in Sources */,
				B9BD2D0C2B931CA0002958D3 /* FeedImageCell+TestHelpers.swift in Sources */,
				B9BD2CFE2B931AFC002958D3 /* InMemoryFeedStore.swift in Sources */,
			);
			runOnlyForDeploymentPostprocessing = 0;
		};
/* End PBXSourcesBuildPhase section */

/* Begin PBXTargetDependency section */
		B91B93052B8CE8B00033C148 /* PBXTargetDependency */ = {
			isa = PBXTargetDependency;
			target = B91B92EC2B8CE8A50033C148 /* EssentialApp */;
			targetProxy = B91B93042B8CE8B00033C148 /* PBXContainerItemProxy */;
		};
/* End PBXTargetDependency section */

/* Begin PBXVariantGroup section */
		B91B92FB2B8CE8AF0033C148 /* LaunchScreen.storyboard */ = {
			isa = PBXVariantGroup;
			children = (
				B91B92FC2B8CE8AF0033C148 /* Base */,
				B9BD2CF52B9318E8002958D3 /* en */,
				B9BD2CF62B93193E002958D3 /* el */,
				B9BD2CF72B93195C002958D3 /* pt-BR */,
			);
			name = LaunchScreen.storyboard;
			sourceTree = "<group>";
		};
/* End PBXVariantGroup section */

/* Begin XCBuildConfiguration section */
		B91B93152B8CE8B00033C148 /* Debug */ = {
			isa = XCBuildConfiguration;
			buildSettings = {
				ALWAYS_SEARCH_USER_PATHS = NO;
				CLANG_ANALYZER_LOCALIZABILITY_NONLOCALIZED = YES;
				CLANG_ANALYZER_NONNULL = YES;
				CLANG_ANALYZER_NUMBER_OBJECT_CONVERSION = YES_AGGRESSIVE;
				CLANG_CXX_LANGUAGE_STANDARD = "gnu++20";
				CLANG_ENABLE_MODULES = YES;
				CLANG_ENABLE_OBJC_ARC = YES;
				CLANG_ENABLE_OBJC_WEAK = YES;
				CLANG_WARN_BLOCK_CAPTURE_AUTORELEASING = YES;
				CLANG_WARN_BOOL_CONVERSION = YES;
				CLANG_WARN_COMMA = YES;
				CLANG_WARN_CONSTANT_CONVERSION = YES;
				CLANG_WARN_DEPRECATED_OBJC_IMPLEMENTATIONS = YES;
				CLANG_WARN_DIRECT_OBJC_ISA_USAGE = YES_ERROR;
				CLANG_WARN_DOCUMENTATION_COMMENTS = YES;
				CLANG_WARN_EMPTY_BODY = YES;
				CLANG_WARN_ENUM_CONVERSION = YES;
				CLANG_WARN_INFINITE_RECURSION = YES;
				CLANG_WARN_INT_CONVERSION = YES;
				CLANG_WARN_NON_LITERAL_NULL_CONVERSION = YES;
				CLANG_WARN_OBJC_IMPLICIT_RETAIN_SELF = YES;
				CLANG_WARN_OBJC_LITERAL_CONVERSION = YES;
				CLANG_WARN_OBJC_ROOT_CLASS = YES_ERROR;
				CLANG_WARN_QUOTED_INCLUDE_IN_FRAMEWORK_HEADER = YES;
				CLANG_WARN_RANGE_LOOP_ANALYSIS = YES;
				CLANG_WARN_STRICT_PROTOTYPES = YES;
				CLANG_WARN_SUSPICIOUS_MOVE = YES;
				CLANG_WARN_UNGUARDED_AVAILABILITY = YES_AGGRESSIVE;
				CLANG_WARN_UNREACHABLE_CODE = YES;
				CLANG_WARN__DUPLICATE_METHOD_MATCH = YES;
				COPY_PHASE_STRIP = NO;
				DEBUG_INFORMATION_FORMAT = dwarf;
				ENABLE_STRICT_OBJC_MSGSEND = YES;
				ENABLE_TESTABILITY = YES;
				GCC_C_LANGUAGE_STANDARD = gnu11;
				GCC_DYNAMIC_NO_PIC = NO;
				GCC_NO_COMMON_BLOCKS = YES;
				GCC_OPTIMIZATION_LEVEL = 0;
				GCC_PREPROCESSOR_DEFINITIONS = (
					"DEBUG=1",
					"$(inherited)",
				);
				GCC_WARN_64_TO_32_BIT_CONVERSION = YES;
				GCC_WARN_ABOUT_RETURN_TYPE = YES_ERROR;
				GCC_WARN_UNDECLARED_SELECTOR = YES;
				GCC_WARN_UNINITIALIZED_AUTOS = YES_AGGRESSIVE;
				GCC_WARN_UNUSED_FUNCTION = YES;
				GCC_WARN_UNUSED_VARIABLE = YES;
				IPHONEOS_DEPLOYMENT_TARGET = 16.2;
				MTL_ENABLE_DEBUG_INFO = INCLUDE_SOURCE;
				MTL_FAST_MATH = YES;
				ONLY_ACTIVE_ARCH = YES;
				SDKROOT = iphoneos;
				SWIFT_ACTIVE_COMPILATION_CONDITIONS = DEBUG;
				SWIFT_OPTIMIZATION_LEVEL = "-Onone";
			};
			name = Debug;
		};
		B91B93162B8CE8B00033C148 /* Release */ = {
			isa = XCBuildConfiguration;
			buildSettings = {
				ALWAYS_SEARCH_USER_PATHS = NO;
				CLANG_ANALYZER_LOCALIZABILITY_NONLOCALIZED = YES;
				CLANG_ANALYZER_NONNULL = YES;
				CLANG_ANALYZER_NUMBER_OBJECT_CONVERSION = YES_AGGRESSIVE;
				CLANG_CXX_LANGUAGE_STANDARD = "gnu++20";
				CLANG_ENABLE_MODULES = YES;
				CLANG_ENABLE_OBJC_ARC = YES;
				CLANG_ENABLE_OBJC_WEAK = YES;
				CLANG_WARN_BLOCK_CAPTURE_AUTORELEASING = YES;
				CLANG_WARN_BOOL_CONVERSION = YES;
				CLANG_WARN_COMMA = YES;
				CLANG_WARN_CONSTANT_CONVERSION = YES;
				CLANG_WARN_DEPRECATED_OBJC_IMPLEMENTATIONS = YES;
				CLANG_WARN_DIRECT_OBJC_ISA_USAGE = YES_ERROR;
				CLANG_WARN_DOCUMENTATION_COMMENTS = YES;
				CLANG_WARN_EMPTY_BODY = YES;
				CLANG_WARN_ENUM_CONVERSION = YES;
				CLANG_WARN_INFINITE_RECURSION = YES;
				CLANG_WARN_INT_CONVERSION = YES;
				CLANG_WARN_NON_LITERAL_NULL_CONVERSION = YES;
				CLANG_WARN_OBJC_IMPLICIT_RETAIN_SELF = YES;
				CLANG_WARN_OBJC_LITERAL_CONVERSION = YES;
				CLANG_WARN_OBJC_ROOT_CLASS = YES_ERROR;
				CLANG_WARN_QUOTED_INCLUDE_IN_FRAMEWORK_HEADER = YES;
				CLANG_WARN_RANGE_LOOP_ANALYSIS = YES;
				CLANG_WARN_STRICT_PROTOTYPES = YES;
				CLANG_WARN_SUSPICIOUS_MOVE = YES;
				CLANG_WARN_UNGUARDED_AVAILABILITY = YES_AGGRESSIVE;
				CLANG_WARN_UNREACHABLE_CODE = YES;
				CLANG_WARN__DUPLICATE_METHOD_MATCH = YES;
				COPY_PHASE_STRIP = NO;
				DEBUG_INFORMATION_FORMAT = "dwarf-with-dsym";
				ENABLE_NS_ASSERTIONS = NO;
				ENABLE_STRICT_OBJC_MSGSEND = YES;
				GCC_C_LANGUAGE_STANDARD = gnu11;
				GCC_NO_COMMON_BLOCKS = YES;
				GCC_WARN_64_TO_32_BIT_CONVERSION = YES;
				GCC_WARN_ABOUT_RETURN_TYPE = YES_ERROR;
				GCC_WARN_UNDECLARED_SELECTOR = YES;
				GCC_WARN_UNINITIALIZED_AUTOS = YES_AGGRESSIVE;
				GCC_WARN_UNUSED_FUNCTION = YES;
				GCC_WARN_UNUSED_VARIABLE = YES;
				IPHONEOS_DEPLOYMENT_TARGET = 16.2;
				MTL_ENABLE_DEBUG_INFO = NO;
				MTL_FAST_MATH = YES;
				SDKROOT = iphoneos;
				SWIFT_COMPILATION_MODE = wholemodule;
				SWIFT_OPTIMIZATION_LEVEL = "-O";
				VALIDATE_PRODUCT = YES;
			};
			name = Release;
		};
		B91B93182B8CE8B00033C148 /* Debug */ = {
			isa = XCBuildConfiguration;
			buildSettings = {
				ASSETCATALOG_COMPILER_APPICON_NAME = AppIcon;
				ASSETCATALOG_COMPILER_GLOBAL_ACCENT_COLOR_NAME = AccentColor;
				CODE_SIGN_STYLE = Automatic;
				CURRENT_PROJECT_VERSION = 1;
				GENERATE_INFOPLIST_FILE = YES;
				INFOPLIST_FILE = EssentialApp/Info.plist;
				INFOPLIST_KEY_UIApplicationSupportsIndirectInputEvents = YES;
				INFOPLIST_KEY_UILaunchStoryboardName = LaunchScreen;
				INFOPLIST_KEY_UISupportedInterfaceOrientations = UIInterfaceOrientationPortrait;
				INFOPLIST_KEY_UISupportedInterfaceOrientations_iPad = "UIInterfaceOrientationLandscapeRight UIInterfaceOrientationPortrait";
				LD_RUNPATH_SEARCH_PATHS = (
					"$(inherited)",
					"@executable_path/Frameworks",
				);
				MARKETING_VERSION = 1.0;
				PRODUCT_BUNDLE_IDENTIFIER = sk.EssentialApp;
				PRODUCT_NAME = "$(TARGET_NAME)";
				SUPPORTED_PLATFORMS = "iphoneos iphonesimulator";
				SUPPORTS_MACCATALYST = NO;
				SUPPORTS_MAC_DESIGNED_FOR_IPHONE_IPAD = NO;
				SWIFT_EMIT_LOC_STRINGS = YES;
				SWIFT_VERSION = 5.0;
				TARGETED_DEVICE_FAMILY = 1;
			};
			name = Debug;
		};
		B91B93192B8CE8B00033C148 /* Release */ = {
			isa = XCBuildConfiguration;
			buildSettings = {
				ASSETCATALOG_COMPILER_APPICON_NAME = AppIcon;
				ASSETCATALOG_COMPILER_GLOBAL_ACCENT_COLOR_NAME = AccentColor;
				CODE_SIGN_STYLE = Automatic;
				CURRENT_PROJECT_VERSION = 1;
				GENERATE_INFOPLIST_FILE = YES;
				INFOPLIST_FILE = EssentialApp/Info.plist;
				INFOPLIST_KEY_UIApplicationSupportsIndirectInputEvents = YES;
				INFOPLIST_KEY_UILaunchStoryboardName = LaunchScreen;
				INFOPLIST_KEY_UISupportedInterfaceOrientations = UIInterfaceOrientationPortrait;
				INFOPLIST_KEY_UISupportedInterfaceOrientations_iPad = "UIInterfaceOrientationLandscapeRight UIInterfaceOrientationPortrait";
				LD_RUNPATH_SEARCH_PATHS = (
					"$(inherited)",
					"@executable_path/Frameworks",
				);
				MARKETING_VERSION = 1.0;
				PRODUCT_BUNDLE_IDENTIFIER = sk.EssentialApp;
				PRODUCT_NAME = "$(TARGET_NAME)";
				SUPPORTED_PLATFORMS = "iphoneos iphonesimulator";
				SUPPORTS_MACCATALYST = NO;
				SUPPORTS_MAC_DESIGNED_FOR_IPHONE_IPAD = NO;
				SWIFT_EMIT_LOC_STRINGS = YES;
				SWIFT_VERSION = 5.0;
				TARGETED_DEVICE_FAMILY = 1;
			};
			name = Release;
		};
		B91B931B2B8CE8B00033C148 /* Debug */ = {
			isa = XCBuildConfiguration;
			buildSettings = {
				ALWAYS_EMBED_SWIFT_STANDARD_LIBRARIES = YES;
				BUNDLE_LOADER = "$(TEST_HOST)";
				CODE_SIGN_STYLE = Automatic;
				CURRENT_PROJECT_VERSION = 1;
				GENERATE_INFOPLIST_FILE = YES;
				IPHONEOS_DEPLOYMENT_TARGET = 16.2;
				MARKETING_VERSION = 1.0;
				PRODUCT_BUNDLE_IDENTIFIER = sk.EssentialAppTests;
				PRODUCT_NAME = "$(TARGET_NAME)";
				SWIFT_EMIT_LOC_STRINGS = NO;
				SWIFT_VERSION = 5.0;
				TARGETED_DEVICE_FAMILY = "1,2";
				TEST_HOST = "$(BUILT_PRODUCTS_DIR)/EssentialApp.app/$(BUNDLE_EXECUTABLE_FOLDER_PATH)/EssentialApp";
			};
			name = Debug;
		};
		B91B931C2B8CE8B00033C148 /* Release */ = {
			isa = XCBuildConfiguration;
			buildSettings = {
				ALWAYS_EMBED_SWIFT_STANDARD_LIBRARIES = YES;
				BUNDLE_LOADER = "$(TEST_HOST)";
				CODE_SIGN_STYLE = Automatic;
				CURRENT_PROJECT_VERSION = 1;
				GENERATE_INFOPLIST_FILE = YES;
				IPHONEOS_DEPLOYMENT_TARGET = 16.2;
				MARKETING_VERSION = 1.0;
				PRODUCT_BUNDLE_IDENTIFIER = sk.EssentialAppTests;
				PRODUCT_NAME = "$(TARGET_NAME)";
				SWIFT_EMIT_LOC_STRINGS = NO;
				SWIFT_VERSION = 5.0;
				TARGETED_DEVICE_FAMILY = "1,2";
				TEST_HOST = "$(BUILT_PRODUCTS_DIR)/EssentialApp.app/$(BUNDLE_EXECUTABLE_FOLDER_PATH)/EssentialApp";
			};
			name = Release;
		};
/* End XCBuildConfiguration section */

/* Begin XCConfigurationList section */
		B91B92E82B8CE8A50033C148 /* Build configuration list for PBXProject "EssentialApp" */ = {
			isa = XCConfigurationList;
			buildConfigurations = (
				B91B93152B8CE8B00033C148 /* Debug */,
				B91B93162B8CE8B00033C148 /* Release */,
			);
			defaultConfigurationIsVisible = 0;
			defaultConfigurationName = Release;
		};
		B91B93172B8CE8B00033C148 /* Build configuration list for PBXNativeTarget "EssentialApp" */ = {
			isa = XCConfigurationList;
			buildConfigurations = (
				B91B93182B8CE8B00033C148 /* Debug */,
				B91B93192B8CE8B00033C148 /* Release */,
			);
			defaultConfigurationIsVisible = 0;
			defaultConfigurationName = Release;
		};
		B91B931A2B8CE8B00033C148 /* Build configuration list for PBXNativeTarget "EssentialAppTests" */ = {
			isa = XCConfigurationList;
			buildConfigurations = (
				B91B931B2B8CE8B00033C148 /* Debug */,
				B91B931C2B8CE8B00033C148 /* Release */,
			);
			defaultConfigurationIsVisible = 0;
			defaultConfigurationName = Release;
		};
/* End XCConfigurationList section */
	};
	rootObject = B91B92E52B8CE8A50033C148 /* Project object */;
}
